github.com/BurntSushi/toml v1.2.0 h1:Rt8g24XnyGTyglgET/PRUNlrUeu9F5L+7FilkXfZgs0=
github.com/NYTimes/gziphandler v1.1.1 h1:ZUDjpQae29j0ryrS0u/B8HZfJBtBQHjqw2rQ2cqUQ3I=
github.com/NYTimes/gziphandler v1.1.1/go.mod h1:n/CVRwUEOgIxrgPvAQhUUr9oeUtvrhMomdKFjzJNB0c=
github.com/davecgh/go-spew v1.1.0/go.mod h1:J7Y8YcW2NihsgmVo/mv3lAwl/skON4iLHjSsI+c5H38=
github.com/davecgh/go-spew v1.1.1 h1:vj9j/u1bqnvCEfJOwUhtlOARqs3+rkHYY13jYWTU97c=
github.com/eknkc/amber v0.0.0-20171010120322-cdade1c07385 h1:clC1lXBpe2kTj2VHdaIu9ajZQe4kcEY9j0NsnDDBZ3o=
github.com/eknkc/amber v0.0.0-20171010120322-cdade1c07385/go.mod h1:0vRUJqYpeSZifjYj7uP3BG/gKcuzL9xWVV/Y+cK33KM=
github.com/go-chi/chi/v5 v5.1.0 h1:acVI1TYaD+hhedDJ3r54HyA6sExp3HfXq7QWEEY/xMw=
github.com/go-chi/chi/v5 v5.1.0/go.mod h1:DslCQbL2OYiznFReuXYUmQ2hGd1aDpCnlMNITLSKoi8=
github.com/kovetskiy/lorg v1.2.0 h1:wNIUT/VOhcjKOmizDClZLvchbKFGW+dzf9fQXbSVS5E=
github.com/kovetskiy/lorg v1.2.0/go.mod h1:rdiamaIRUCkX9HtFZd0D9dQqUbad21hipHk+sat7Z6s=
github.com/kovetskiy/lorg v1.2.1-0.20240830111423-ba4fe8b6f7c4 h1:2eV8tF1u58dqRJMlFUD/Df26BxcIlGVy71rZHN+aNoI=
github.com/kovetskiy/lorg v1.2.1-0.20240830111423-ba4fe8b6f7c4/go.mod h1:p1RuSvyflTF/G4ubeATGurCRKWkULOrN/4PUAEFRq0s=
github.com/pmezard/go-difflib v1.0.0 h1:4DBwDE0NGyQoBHbLQYPwSUPoCMWR5BEzIk/f1lZbAQM=
github.com/pmezard/go-difflib v1.0.0/go.mod h1:iKH77koFhYxTK1pcRnkKkqfTogsbg7gZNVY4sRDYZ/4=
github.com/reconquest/cog v0.0.0-20230331074503-900980efda0b h1:bSRchKi3G7DiuT8PDW8bAFfaak8uGKxEzCYN7vvsdqk=
github.com/reconquest/cog v0.0.0-20230331074503-900980efda0b/go.mod h1:Mex8CRMmLSF0LgX9sl0F/CIXp3t5GgMFM1mzzz5QgZ4=
github.com/reconquest/cog v0.0.0-20240830113510-c7ba12d0beeb h1:hJ1ExqE2lTMgTRmjmSiC2hm+sMXCCjjbyiGo3irbEW8=
github.com/reconquest/cog v0.0.0-20240830113510-c7ba12d0beeb/go.mod h1:n+lvvNLeoQmYVvYTFGCtLvoyD9Wz46RO3yCk6GKyZ/4=
github.com/reconquest/karma-go v1.5.0 h1:Chn4LtauwnvKfz13ZbmGNrRLKO1NciExHQSOBOsQqt4=
github.com/reconquest/karma-go v1.5.0/go.mod h1:52XRXXa2ec/VNrlCirwasdJfNmjI1O87q098gmqILh0=
github.com/stretchr/objx v0.1.0/go.mod h1:HFkY916IF+rwdDfMAkV7OtwuqBVzrE8GR6GFx+wExME=
github.com/stretchr/testify v1.3.0/go.mod h1:M5WIy9Dh21IEIfnGCwXGc5bZfKNJtfHm1UVUgZn+9EI=
github.com/stretchr/testify v1.8.2 h1:+h33VjcLVPDHtOdpUCuF+7gSuG3yGIftsP1YvFihtJ8=
github.com/xtgo/uuid v0.0.0-20140804021211-a0b114877d4c h1:3lbZUMbMiGUW/LMkfsEABsc5zNT9+b1CvsJx47JzJ8g=
github.com/xtgo/uuid v0.0.0-20140804021211-a0b114877d4c/go.mod h1:UrdRz5enIKZ63MEE3IF9l2/ebyx59GyGgPi+tICQdmM=
github.com/zazab/zhash v0.0.0-20210630080733-6e809466f8d3 h1:BhVaeQJc3xalHGONn215FylzuxdQBIT3d/aRjDg4nXQ=
github.com/zazab/zhash v0.0.0-20210630080733-6e809466f8d3/go.mod h1:NtepZ8TEXErPsmQDMUoN72f8aIy4+xNinSJ3f1giess=
github.com/zazab/zhash v0.0.0-20221031090444-2b0d50417446 h1:75pcOSsb40+ub185cJI7g5uykl9Uu76rD5ONzK/4s40=
github.com/zazab/zhash v0.0.0-20221031090444-2b0d50417446/go.mod h1:NtepZ8TEXErPsmQDMUoN72f8aIy4+xNinSJ3f1giess=
gopkg.in/yaml.v2 v2.4.0 h1:D8xgwECY7CYvx+Y2n4sBz93Jn9JRvxdiyyo8CTfuKaY=
gopkg.in/yaml.v3 v3.0.1 h1:fxVm/GzAzEWqLHuvctI91KS9hhNmmWOoWu0XTYJS7CA=
